
Microsoft Visual Studio Solution File, Format Version 12.00
# Visual Studio Version 16
VisualStudioVersion = 16.0.30804.86
MinimumVisualStudioVersion = 10.0.40219.1
Project("{FAE04EC0-301F-11D3-BF4B-00C04F79EFBC}") = "首頁", "首頁\首頁.csproj", "{14C1065F-3776-481C-AA47-73F35AC5B4C7}"
EndProject
Project("{FAE04EC0-301F-11D3-BF4B-00C04F79EFBC}") = "ex03", "ex03\ex03.csproj", "{4E98BA18-3C6A-48E2-9400-33728A29CE87}"
EndProject
Project("{FAE04EC0-301F-11D3-BF4B-00C04F79EFBC}") = "ex01", "ex01\ex01.csproj", "{5ABC3F59-F205-4FA1-8635-9EDDB8F681EA}"
EndProject
Project("{9A19103F-16F7-4668-BE54-9A1E7A4F7556}") = "linebotdemo", "linebotdemo\linebotdemo.csproj", "{C01FDFA6-E31A-4DAA-B362-66D45A030B81}"
EndProject
Project("{FAE04EC0-301F-11D3-BF4B-00C04F79EFBC}") = "登入", "登入\登入.csproj", "{C6459347-8C76-4012-85C4-701EBB4096AF}"
EndProject
Global
	GlobalSection(SolutionConfigurationPlatforms) = preSolution
		Debug|Any CPU = Debug|Any CPU
		Release|Any CPU = Release|Any CPU
	EndGlobalSection
	GlobalSection(ProjectConfigurationPlatforms) = postSolution
		{14C1065F-3776-481C-AA47-73F35AC5B4C7}.Debug|Any CPU.ActiveCfg = Debug|Any CPU
		{14C1065F-3776-481C-AA47-73F35AC5B4C7}.Debug|Any CPU.Build.0 = Debug|Any CPU
		{14C1065F-3776-481C-AA47-73F35AC5B4C7}.Release|Any CPU.ActiveCfg = Release|Any CPU
		{14C1065F-3776-481C-AA47-73F35AC5B4C7}.Release|Any CPU.Build.0 = Release|Any CPU
		{4E98BA18-3C6A-48E2-9400-33728A29CE87}.Debug|Any CPU.ActiveCfg = Debug|Any CPU
		{4E98BA18-3C6A-48E2-9400-33728A29CE87}.Debug|Any CPU.Build.0 = Debug|Any CPU
		{4E98BA18-3C6A-48E2-9400-33728A29CE87}.Release|Any CPU.ActiveCfg = Release|Any CPU
		{4E98BA18-3C6A-48E2-9400-33728A29CE87}.Release|Any CPU.Build.0 = Release|Any CPU
		{5ABC3F59-F205-4FA1-8635-9EDDB8F681EA}.Debug|Any CPU.ActiveCfg = Debug|Any CPU
		{5ABC3F59-F205-4FA1-8635-9EDDB8F681EA}.Debug|Any CPU.Build.0 = Debug|Any CPU
		{5ABC3F59-F205-4FA1-8635-9EDDB8F681EA}.Release|Any CPU.ActiveCfg = Release|Any CPU
		{5ABC3F59-F205-4FA1-8635-9EDDB8F681EA}.Release|Any CPU.Build.0 = Release|Any CPU
		{C01FDFA6-E31A-4DAA-B362-66D45A030B81}.Debug|Any CPU.ActiveCfg = Debug|Any CPU
		{C01FDFA6-E31A-4DAA-B362-66D45A030B81}.Debug|Any CPU.Build.0 = Debug|Any CPU
		{C01FDFA6-E31A-4DAA-B362-66D45A030B81}.Release|Any CPU.ActiveCfg = Release|Any CPU
		{C01FDFA6-E31A-4DAA-B362-66D45A030B81}.Release|Any CPU.Build.0 = Release|Any CPU
		{C6459347-8C76-4012-85C4-701EBB4096AF}.Debug|Any CPU.ActiveCfg = Debug|Any CPU
		{C6459347-8C76-4012-85C4-701EBB4096AF}.Debug|Any CPU.Build.0 = Debug|Any CPU
		{C6459347-8C76-4012-85C4-701EBB4096AF}.Release|Any CPU.ActiveCfg = Release|Any CPU
		{C6459347-8C76-4012-85C4-701EBB4096AF}.Release|Any CPU.Build.0 = Release|Any CPU
	EndGlobalSection
	GlobalSection(SolutionProperties) = preSolution
		HideSolutionNode = FALSE
	EndGlobalSection
	GlobalSection(ExtensibilityGlobals) = postSolution
		SolutionGuid = {A2C9D5BF-C779-4930-8B49-93DA8FE3533E}
	EndGlobalSection
EndGlobal
